# THIS IS AN AUTOGENERATED FILE. DO NOT EDIT THIS FILE DIRECTLY.
# yarn lockfile v1
co:
  version "4.6.0"
  resolved "http://laplata.is.colostate.edu:8081/nexus/content/groups/npm-all/co/-/co-4.6.0.tgz#6ea6bdf3d853ae54ccb8e47bfa0bf3f9031fb184"

cross-spawn@^4.0.0:
  version "4.0.2"
  resolved "http://laplata.is.colostate.edu:8081/nexus/content/groups/npm-all/cross-spawn/-/cross-spawn-4.0.2.tgz#7b9247621c23adfdd3856004a823cbe397424d41"
  dependencies:
    lru-cache "^4.0.1"
    which "^1.2.9"

execa:
  version "0.5.0"
  resolved "http://laplata.is.colostate.edu:8081/nexus/content/groups/npm-all/execa/-/execa-0.5.0.tgz#a57456764b990e3e52f6eff7f17a9cc2ff2e7ccc"
  dependencies:
    cross-spawn "^4.0.0"
    get-stream "^2.2.0"
    is-stream "^1.1.0"
    npm-run-path "^2.0.0"
    signal-exit "^3.0.0"
    strip-eof "^1.0.0"

get-stream@^2.2.0:
  version "2.3.1"
  resolved "http://laplata.is.colostate.edu:8081/nexus/content/groups/npm-all/get-stream/-/get-stream-2.3.1.tgz#5f38f93f346009666ee0150a054167f91bdd95de"
  dependencies:
    object-assign "^4.0.1"
    pinkie-promise "^2.0.0"

is-stream@^1.1.0:
  version "1.1.0"
  resolved "http://laplata.is.colostate.edu:8081/nexus/content/groups/npm-all/is-stream/-/is-stream-1.1.0.tgz#12d4a3dd4e68e0b79ceb8dbc84173ae80d91ca44"

isexe@^1.1.1:
  version "1.1.2"
  resolved "http://laplata.is.colostate.edu:8081/nexus/content/groups/npm-all/isexe/-/isexe-1.1.2.tgz#36f3e22e60750920f5e7241a476a8c6a42275ad0"

lru-cache@^4.0.1:
  version "4.0.2"
  resolved "http://laplata.is.colostate.edu:8081/nexus/content/groups/npm-all/lru-cache/-/lru-cache-4.0.2.tgz#1d17679c069cda5d040991a09dbc2c0db377e55e"
  dependencies:
    pseudomap "^1.0.1"
    yallist "^2.0.0"

npm-run-path@^2.0.0:
  version "2.0.2"
  resolved "http://laplata.is.colostate.edu:8081/nexus/content/groups/npm-all/npm-run-path/-/npm-run-path-2.0.2.tgz#35a9232dfa35d7067b4cb2ddf2357b1871536c5f"
  dependencies:
    path-key "^2.0.0"

object-assign@^4.0.1:
  version "4.1.0"
  resolved "http://laplata.is.colostate.edu:8081/nexus/content/groups/npm-all/object-assign/-/object-assign-4.1.0.tgz#7a3b3d0e98063d43f4c03f2e8ae6cd51a86883a0"

path-key@^2.0.0:
  version "2.0.1"
  resolved "http://laplata.is.colostate.edu:8081/nexus/content/groups/npm-all/path-key/-/path-key-2.0.1.tgz#411cadb574c5a140d3a4b1910d40d80cc9f40b40"

pinkie-promise@^2.0.0:
  version "2.0.1"
  resolved "http://laplata.is.colostate.edu:8081/nexus/content/groups/npm-all/pinkie-promise/-/pinkie-promise-2.0.1.tgz#2135d6dfa7a358c069ac9b178776288228450ffa"
  dependencies:
    pinkie "^2.0.0"

pinkie@^2.0.0:
  version "2.0.4"
  resolved "http://laplata.is.colostate.edu:8081/nexus/content/groups/npm-all/pinkie/-/pinkie-2.0.4.tgz#72556b80cfa0d48a974e80e77248e80ed4f7f870"

pseudomap@^1.0.1:
  version "1.0.2"
  resolved "http://laplata.is.colostate.edu:8081/nexus/content/groups/npm-all/pseudomap/-/pseudomap-1.0.2.tgz#f052a28da70e618917ef0a8ac34c1ae5a68286b3"

signal-exit@^3.0.0:
  version "3.0.2"
  resolved "http://laplata.is.colostate.edu:8081/nexus/content/groups/npm-all/signal-exit/-/signal-exit-3.0.2.tgz#b5fdc08f1287ea1178628e415e25132b73646c6d"

strip-eof@^1.0.0:
  version "1.0.0"
  resolved "http://laplata.is.colostate.edu:8081/nexus/content/groups/npm-all/strip-eof/-/strip-eof-1.0.0.tgz#bb43ff5598a6eb05d89b59fcd129c983313606bf"

which@^1.2.9:
  version "1.2.12"
  resolved "http://laplata.is.colostate.edu:8081/nexus/content/groups/npm-all/which/-/which-1.2.12.tgz#de67b5e450269f194909ef23ece4ebe416fa1192"
  dependencies:
    isexe "^1.1.1"

yallist@^2.0.0:
  version "2.0.0"
  resolved "http://laplata.is.colostate.edu:8081/nexus/content/groups/npm-all/yallist/-/yallist-2.0.0.tgz#306c543835f09ee1a4cb23b7bce9ab341c91cdd4"

